// !$*UTF8*$!
{
	archiveVersion = 1;
	classes = {
	};
	objectVersion = 77;
	objects = {

/* Begin PBXContainerItemProxy section */
		46ADA02F2CB9F65D00BCDC5D /* PBXContainerItemProxy */ = {
			isa = PBXContainerItemProxy;
			containerPortal = 46ADA0162CB9F65B00BCDC5D /* Project object */;
			proxyType = 1;
			remoteGlobalIDString = 46ADA01D2CB9F65C00BCDC5D;
			remoteInfo = MyobsevationTest1;
		};
		46ADA0392CB9F65D00BCDC5D /* PBXContainerItemProxy */ = {
			isa = PBXContainerItemProxy;
			containerPortal = 46ADA0162CB9F65B00BCDC5D /* Project object */;
			proxyType = 1;
			remoteGlobalIDString = 46ADA01D2CB9F65C00BCDC5D;
			remoteInfo = MyobsevationTest1;
		};
/* End PBXContainerItemProxy section */

/* Begin PBXFileReference section */
		46ADA01E2CB9F65C00BCDC5D /* MyobsevationTest1.app */ = {isa = PBXFileReference; explicitFileType = wrapper.application; includeInIndex = 0; path = MyobsevationTest1.app; sourceTree = BUILT_PRODUCTS_DIR; };
		46ADA02E2CB9F65D00BCDC5D /* MyobsevationTest1Tests.xctest */ = {isa = PBXFileReference; explicitFileType = wrapper.cfbundle; includeInIndex = 0; path = MyobsevationTest1Tests.xctest; sourceTree = BUILT_PRODUCTS_DIR; };
		46ADA0382CB9F65D00BCDC5D /* MyobsevationTest1UITests.xctest */ = {isa = PBXFileReference; explicitFileType = wrapper.cfbundle; includeInIndex = 0; path = MyobsevationTest1UITests.xctest; sourceTree = BUILT_PRODUCTS_DIR; };
/* End PBXFileReference section */

/* Begin PBXFileSystemSynchronizedRootGroup section */
		46ADA0202CB9F65C00BCDC5D /* MyobsevationTest1 */ = {
			isa = PBXFileSystemSynchronizedRootGroup;
			path = MyobsevationTest1;
			sourceTree = "<group>";
		};
		46ADA0312CB9F65D00BCDC5D /* MyobsevationTest1Tests */ = {
			isa = PBXFileSystemSynchronizedRootGroup;
			path = MyobsevationTest1Tests;
			sourceTree = "<group>";
		};
		46ADA03B2CB9F65D00BCDC5D /* MyobsevationTest1UITests */ = {
			isa = PBXFileSystemSynchronizedRootGroup;
			path = MyobsevationTest1UITests;
			sourceTree = "<group>";
		};
/* End PBXFileSystemSynchronizedRootGroup section */

/* Begin PBXFrameworksBuildPhase section */
		46ADA01B2CB9F65C00BCDC5D /* Frameworks */ = {
			isa = PBXFrameworksBuildPhase;
			buildActionMask = 2147483647;
			files = (
			);
			runOnlyForDeploymentPostprocessing = 0;
		};
		46ADA02B2CB9F65D00BCDC5D /* Frameworks */ = {
			isa = PBXFrameworksBuildPhase;
			buildActionMask = 2147483647;
			files = (
			);
			runOnlyForDeploymentPostprocessing = 0;
		};
		46ADA0352CB9F65D00BCDC5D /* Frameworks */ = {
			isa = PBXFrameworksBuildPhase;
			buildActionMask = 2147483647;
			files = (
			);
			runOnlyForDeploymentPostprocessing = 0;
		};
/* End PBXFrameworksBuildPhase section */

/* Begin PBXGroup section */
		46ADA0152CB9F65B00BCDC5D = {
			isa = PBXGroup;
			children = (
				46ADA0202CB9F65C00BCDC5D /* MyobsevationTest1 */,
				46ADA0312CB9F65D00BCDC5D /* MyobsevationTest1Tests */,
				46ADA03B2CB9F65D00BCDC5D /* MyobsevationTest1UITests */,
				46ADA01F2CB9F65C00BCDC5D /* Products */,
			);
			sourceTree = "<group>";
		};
		46ADA01F2CB9F65C00BCDC5D /* Products */ = {
			isa = PBXGroup;
			children = (
				46ADA01E2CB9F65C00BCDC5D /* MyobsevationTest1.app */,
				46ADA02E2CB9F65D00BCDC5D /* MyobsevationTest1Tests.xctest */,
				46ADA0382CB9F65D00BCDC5D /* MyobsevationTest1UITests.xctest */,
			);
			name = Products;
			sourceTree = "<group>";
		};
/* End PBXGroup section */

/* Begin PBXNativeTarget section */
		46ADA01D2CB9F65C00BCDC5D /* MyobsevationTest1 */ = {
			isa = PBXNativeTarget;
			buildConfigurationList = 46ADA0422CB9F65D00BCDC5D /* Build configuration list for PBXNativeTarget "MyobsevationTest1" */;
			buildPhases = (
				46ADA01A2CB9F65C00BCDC5D /* Sources */,
				46ADA01B2CB9F65C00BCDC5D /* Frameworks */,
				46ADA01C2CB9F65C00BCDC5D /* Resources */,
			);
			buildRules = (
			);
			dependencies = (
			);
			fileSystemSynchronizedGroups = (
				46ADA0202CB9F65C00BCDC5D /* MyobsevationTest1 */,
			);
			name = MyobsevationTest1;
			packageProductDependencies = (
			);
			productName = MyobsevationTest1;
			productReference = 46ADA01E2CB9F65C00BCDC5D /* MyobsevationTest1.app */;
			productType = "com.apple.product-type.application";
		};
		46ADA02D2CB9F65D00BCDC5D /* MyobsevationTest1Tests */ = {
			isa = PBXNativeTarget;
			buildConfigurationList = 46ADA0452CB9F65D00BCDC5D /* Build configuration list for PBXNativeTarget "MyobsevationTest1Tests" */;
			buildPhases = (
				46ADA02A2CB9F65D00BCDC5D /* Sources */,
				46ADA02B2CB9F65D00BCDC5D /* Frameworks */,
				46ADA02C2CB9F65D00BCDC5D /* Resources */,
			);
			buildRules = (
			);
			dependencies = (
				46ADA0302CB9F65D00BCDC5D /* PBXTargetDependency */,
			);
			fileSystemSynchronizedGroups = (
				46ADA0312CB9F65D00BCDC5D /* MyobsevationTest1Tests */,
			);
			name = MyobsevationTest1Tests;
			packageProductDependencies = (
			);
			productName = MyobsevationTest1Tests;
			productReference = 46ADA02E2CB9F65D00BCDC5D /* MyobsevationTest1Tests.xctest */;
			productType = "com.apple.product-type.bundle.unit-test";
		};
		46ADA0372CB9F65D00BCDC5D /* MyobsevationTest1UITests */ = {
			isa = PBXNativeTarget;
			buildConfigurationList = 46ADA0482CB9F65D00BCDC5D /* Build configuration list for PBXNativeTarget "MyobsevationTest1UITests" */;
			buildPhases = (
				46ADA0342CB9F65D00BCDC5D /* Sources */,
				46ADA0352CB9F65D00BCDC5D /* Frameworks */,
				46ADA0362CB9F65D00BCDC5D /* Resources */,
			);
			buildRules = (
			);
			dependencies = (
				46ADA03A2CB9F65D00BCDC5D /* PBXTargetDependency */,
			);
			fileSystemSynchronizedGroups = (
				46ADA03B2CB9F65D00BCDC5D /* MyobsevationTest1UITests */,
			);
			name = MyobsevationTest1UITests;
			packageProductDependencies = (
			);
			productName = MyobsevationTest1UITests;
			productReference = 46ADA0382CB9F65D00BCDC5D /* MyobsevationTest1UITests.xctest */;
			productType = "com.apple.product-type.bundle.ui-testing";
		};
/* End PBXNativeTarget section */

/* Begin PBXProject section */
		46ADA0162CB9F65B00BCDC5D /* Project object */ = {
			isa = PBXProject;
			attributes = {
				BuildIndependentTargetsInParallel = 1;
				LastSwiftUpdateCheck = 1600;
				LastUpgradeCheck = 1600;
				TargetAttributes = {
					46ADA01D2CB9F65C00BCDC5D = {
						CreatedOnToolsVersion = 16.0;
					};
					46ADA02D2CB9F65D00BCDC5D = {
						CreatedOnToolsVersion = 16.0;
						TestTargetID = 46ADA01D2CB9F65C00BCDC5D;
					};
					46ADA0372CB9F65D00BCDC5D = {
						CreatedOnToolsVersion = 16.0;
						TestTargetID = 46ADA01D2CB9F65C00BCDC5D;
					};
				};
			};
			buildConfigurationList = 46ADA0192CB9F65B00BCDC5D /* Build configuration list for PBXProject "MyobsevationTest1" */;
			developmentRegion = en;
			hasScannedForEncodings = 0;
			knownRegions = (
				en,
				Base,
			);
			mainGroup = 46ADA0152CB9F65B00BCDC5D;
			minimizedProjectReferenceProxies = 1;
			preferredProjectObjectVersion = 77;
			productRefGroup = 46ADA01F2CB9F65C00BCDC5D /* Products */;
			projectDirPath = "";
			projectRoot = "";
			targets = (
				46ADA01D2CB9F65C00BCDC5D /* MyobsevationTest1 */,
				46ADA02D2CB9F65D00BCDC5D /* MyobsevationTest1Tests */,
				46ADA0372CB9F65D00BCDC5D /* MyobsevationTest1UITests */,
			);
		};
/* End PBXProject section */

/* Begin PBXResourcesBuildPhase section */
		46ADA01C2CB9F65C00BCDC5D /* Resources */ = {
			isa = PBXResourcesBuildPhase;
			buildActionMask = 2147483647;
			files = (
			);
			runOnlyForDeploymentPostprocessing = 0;
		};
		46ADA02C2CB9F65D00BCDC5D /* Resources */ = {
			isa = PBXResourcesBuildPhase;
			buildActionMask = 2147483647;
			files = (
			);
			runOnlyForDeploymentPostprocessing = 0;
		};
		46ADA0362CB9F65D00BCDC5D /* Resources */ = {
			isa = PBXResourcesBuildPhase;
			buildActionMask = 2147483647;
			files = (
			);
			runOnlyForDeploymentPostprocessing = 0;
		};
/* End PBXResourcesBuildPhase section */

/* Begin PBXSourcesBuildPhase section */
		46ADA01A2CB9F65C00BCDC5D /* Sources */ = {
			isa = PBXSourcesBuildPhase;
			buildActionMask = 2147483647;
			files = (
			);
			runOnlyForDeploymentPostprocessing = 0;
		};
		46ADA02A2CB9F65D00BCDC5D /* Sources */ = {
			isa = PBXSourcesBuildPhase;
			buildActionMask = 2147483647;
			files = (
			);
			runOnlyForDeploymentPostprocessing = 0;
		};
		46ADA0342CB9F65D00BCDC5D /* Sources */ = {
			isa = PBXSourcesBuildPhase;
			buildActionMask = 2147483647;
			files = (
			);
			runOnlyForDeploymentPostprocessing = 0;
		};
/* End PBXSourcesBuildPhase section */

/* Begin PBXTargetDependency section */
		46ADA0302CB9F65D00BCDC5D /* PBXTargetDependency */ = {
			isa = PBXTargetDependency;
			target = 46ADA01D2CB9F65C00BCDC5D /* MyobsevationTest1 */;
			targetProxy = 46ADA02F2CB9F65D00BCDC5D /* PBXContainerItemProxy */;
		};
		46ADA03A2CB9F65D00BCDC5D /* PBXTargetDependency */ = {
			isa = PBXTargetDependency;
			target = 46ADA01D2CB9F65C00BCDC5D /* MyobsevationTest1 */;
			targetProxy = 46ADA0392CB9F65D00BCDC5D /* PBXContainerItemProxy */;
		};
/* End PBXTargetDependency section */

/* Begin XCBuildConfiguration section */
		46ADA0402CB9F65D00BCDC5D /* Debug */ = {
			isa = XCBuildConfiguration;
			buildSettings = {
				ALWAYS_SEARCH_USER_PATHS = NO;
				ASSETCATALOG_COMPILER_GENERATE_SWIFT_ASSET_SYMBOL_EXTENSIONS = YES;
				CLANG_ANALYZER_NONNULL = YES;
				CLANG_ANALYZER_NUMBER_OBJECT_CONVERSION = YES_AGGRESSIVE;
				CLANG_CXX_LANGUAGE_STANDARD = "gnu++20";
				CLANG_ENABLE_MODULES = YES;
				CLANG_ENABLE_OBJC_ARC = YES;
				CLANG_ENABLE_OBJC_WEAK = YES;
				CLANG_WARN_BLOCK_CAPTURE_AUTORELEASING = YES;
				CLANG_WARN_BOOL_CONVERSION = YES;
				CLANG_WARN_COMMA = YES;
				CLANG_WARN_CONSTANT_CONVERSION = YES;
				CLANG_WARN_DEPRECATED_OBJC_IMPLEMENTATIONS = YES;
				CLANG_WARN_DIRECT_OBJC_ISA_USAGE = YES_ERROR;
				CLANG_WARN_DOCUMENTATION_COMMENTS = YES;
				CLANG_WARN_EMPTY_BODY = YES;
				CLANG_WARN_ENUM_CONVERSION = YES;
				CLANG_WARN_INFINITE_RECURSION = YES;
				CLANG_WARN_INT_CONVERSION = YES;
				CLANG_WARN_NON_LITERAL_NULL_CONVERSION = YES;
				CLANG_WARN_OBJC_IMPLICIT_RETAIN_SELF = YES;
				CLANG_WARN_OBJC_LITERAL_CONVERSION = YES;
				CLANG_WARN_OBJC_ROOT_CLASS = YES_ERROR;
				CLANG_WARN_QUOTED_INCLUDE_IN_FRAMEWORK_HEADER = YES;
				CLANG_WARN_RANGE_LOOP_ANALYSIS = YES;
				CLANG_WARN_STRICT_PROTOTYPES = YES;
				CLANG_WARN_SUSPICIOUS_MOVE = YES;
				CLANG_WARN_UNGUARDED_AVAILABILITY = YES_AGGRESSIVE;
				CLANG_WARN_UNREACHABLE_CODE = YES;
				CLANG_WARN__DUPLICATE_METHOD_MATCH = YES;
				COPY_PHASE_STRIP = NO;
				DEBUG_INFORMATION_FORMAT = dwarf;
				ENABLE_STRICT_OBJC_MSGSEND = YES;
				ENABLE_TESTABILITY = YES;
				ENABLE_USER_SCRIPT_SANDBOXING = YES;
				GCC_C_LANGUAGE_STANDARD = gnu17;
				GCC_DYNAMIC_NO_PIC = NO;
				GCC_NO_COMMON_BLOCKS = YES;
				GCC_OPTIMIZATION_LEVEL = 0;
				GCC_PREPROCESSOR_DEFINITIONS = (
					"DEBUG=1",
					"$(inherited)",
				);
				GCC_WARN_64_TO_32_BIT_CONVERSION = YES;
				GCC_WARN_ABOUT_RETURN_TYPE = YES_ERROR;
				GCC_WARN_UNDECLARED_SELECTOR = YES;
				GCC_WARN_UNINITIALIZED_AUTOS = YES_AGGRESSIVE;
				GCC_WARN_UNUSED_FUNCTION = YES;
				GCC_WARN_UNUSED_VARIABLE = YES;
				IPHONEOS_DEPLOYMENT_TARGET = 18.0;
				LOCALIZATION_PREFERS_STRING_CATALOGS = YES;
				MTL_ENABLE_DEBUG_INFO = INCLUDE_SOURCE;
				MTL_FAST_MATH = YES;
				ONLY_ACTIVE_ARCH = YES;
				SDKROOT = iphoneos;
				SWIFT_ACTIVE_COMPILATION_CONDITIONS = "DEBUG $(inherited)";
				SWIFT_OPTIMIZATION_LEVEL = "-Onone";
			};
			name = Debug;
		};
		46ADA0412CB9F65D00BCDC5D /* Release */ = {
			isa = XCBuildConfiguration;
			buildSettings = {
				ALWAYS_SEARCH_USER_PATHS = NO;
				ASSETCATALOG_COMPILER_GENERATE_SWIFT_ASSET_SYMBOL_EXTENSIONS = YES;
				CLANG_ANALYZER_NONNULL = YES;
				CLANG_ANALYZER_NUMBER_OBJECT_CONVERSION = YES_AGGRESSIVE;
				CLANG_CXX_LANGUAGE_STANDARD = "gnu++20";
				CLANG_ENABLE_MODULES = YES;
				CLANG_ENABLE_OBJC_ARC = YES;
				CLANG_ENABLE_OBJC_WEAK = YES;
				CLANG_WARN_BLOCK_CAPTURE_AUTORELEASING = YES;
				CLANG_WARN_BOOL_CONVERSION = YES;
				CLANG_WARN_COMMA = YES;
				CLANG_WARN_CONSTANT_CONVERSION = YES;
				CLANG_WARN_DEPRECATED_OBJC_IMPLEMENTATIONS = YES;
				CLANG_WARN_DIRECT_OBJC_ISA_USAGE = YES_ERROR;
				CLANG_WARN_DOCUMENTATION_COMMENTS = YES;
				CLANG_WARN_EMPTY_BODY = YES;
				CLANG_WARN_ENUM_CONVERSION = YES;
				CLANG_WARN_INFINITE_RECURSION = YES;
				CLANG_WARN_INT_CONVERSION = YES;
				CLANG_WARN_NON_LITERAL_NULL_CONVERSION = YES;
				CLANG_WARN_OBJC_IMPLICIT_RETAIN_SELF = YES;
				CLANG_WARN_OBJC_LITERAL_CONVERSION = YES;
				CLANG_WARN_OBJC_ROOT_CLASS = YES_ERROR;
				CLANG_WARN_QUOTED_INCLUDE_IN_FRAMEWORK_HEADER = YES;
				CLANG_WARN_RANGE_LOOP_ANALYSIS = YES;
				CLANG_WARN_STRICT_PROTOTYPES = YES;
				CLANG_WARN_SUSPICIOUS_MOVE = YES;
				CLANG_WARN_UNGUARDED_AVAILABILITY = YES_AGGRESSIVE;
				CLANG_WARN_UNREACHABLE_CODE = YES;
				CLANG_WARN__DUPLICATE_METHOD_MATCH = YES;
				COPY_PHASE_STRIP = NO;
				DEBUG_INFORMATION_FORMAT = "dwarf-with-dsym";
				ENABLE_NS_ASSERTIONS = NO;
				ENABLE_STRICT_OBJC_MSGSEND = YES;
				ENABLE_USER_SCRIPT_SANDBOXING = YES;
				GCC_C_LANGUAGE_STANDARD = gnu17;
				GCC_NO_COMMON_BLOCKS = YES;
				GCC_WARN_64_TO_32_BIT_CONVERSION = YES;
				GCC_WARN_ABOUT_RETURN_TYPE = YES_ERROR;
				GCC_WARN_UNDECLARED_SELECTOR = YES;
				GCC_WARN_UNINITIALIZED_AUTOS = YES_AGGRESSIVE;
				GCC_WARN_UNUSED_FUNCTION = YES;
				GCC_WARN_UNUSED_VARIABLE = YES;
				IPHONEOS_DEPLOYMENT_TARGET = 18.0;
				LOCALIZATION_PREFERS_STRING_CATALOGS = YES;
				MTL_ENABLE_DEBUG_INFO = NO;
				MTL_FAST_MATH = YES;
				SDKROOT = iphoneos;
				SWIFT_COMPILATION_MODE = wholemodule;
				VALIDATE_PRODUCT = YES;
			};
			name = Release;
		};
		46ADA0432CB9F65D00BCDC5D /* Debug */ = {
			isa = XCBuildConfiguration;
			buildSettings = {
				ASSETCATALOG_COMPILER_APPICON_NAME = AppIcon;
				ASSETCATALOG_COMPILER_GLOBAL_ACCENT_COLOR_NAME = AccentColor;
				CODE_SIGN_STYLE = Automatic;
				CURRENT_PROJECT_VERSION = 1;
				DEVELOPMENT_ASSET_PATHS = "\"MyobsevationTest1/Preview Content\"";
				DEVELOPMENT_TEAM = YKP3867T9W;
				ENABLE_PREVIEWS = YES;
				GENERATE_INFOPLIST_FILE = YES;
				INFOPLIST_KEY_UIApplicationSceneManifest_Generation = YES;
				INFOPLIST_KEY_UIApplicationSupportsIndirectInputEvents = YES;
				INFOPLIST_KEY_UILaunchScreen_Generation = YES;
				INFOPLIST_KEY_UISupportedInterfaceOrientations_iPad = "UIInterfaceOrientationPortrait UIInterfaceOrientationPortraitUpsideDown UIInterfaceOrientationLandscapeLeft UIInterfaceOrientationLandscapeRight";
				INFOPLIST_KEY_UISupportedInterfaceOrientations_iPhone = "UIInterfaceOrientationPortrait UIInterfaceOrientationLandscapeLeft UIInterfaceOrientationLandscapeRight";
				LD_RUNPATH_SEARCH_PATHS = (
					"$(inherited)",
					"@executable_path/Frameworks",
				);
				MARKETING_VERSION = 1.0;
				PRODUCT_BUNDLE_IDENTIFIER = jp.ne.sannet.moris.MyobsevationTest1;
				PRODUCT_NAME = "$(TARGET_NAME)";
				SWIFT_EMIT_LOC_STRINGS = YES;
				SWIFT_VERSION = 5.0;
				TARGETED_DEVICE_FAMILY = "1,2";
			};
			name = Debug;
		};
		46ADA0442CB9F65D00BCDC5D /* Release */ = {
			isa = XCBuildConfiguration;
			buildSettings = {
				ASSETCATALOG_COMPILER_APPICON_NAME = AppIcon;
				ASSETCATALOG_COMPILER_GLOBAL_ACCENT_COLOR_NAME = AccentColor;
				CODE_SIGN_STYLE = Automatic;
				CURRENT_PROJECT_VERSION = 1;
				DEVELOPMENT_ASSET_PATHS = "\"MyobsevationTest1/Preview Content\"";
				DEVELOPMENT_TEAM = YKP3867T9W;
				ENABLE_PREVIEWS = YES;
				GENERATE_INFOPLIST_FILE = YES;
				INFOPLIST_KEY_UIApplicationSceneManifest_Generation = YES;
				INFOPLIST_KEY_UIApplicationSupportsIndirectInputEvents = YES;
				INFOPLIST_KEY_UILaunchScreen_Generation = YES;
				INFOPLIST_KEY_UISupportedInterfaceOrientations_iPad = "UIInterfaceOrientationPortrait UIInterfaceOrientationPortraitUpsideDown UIInterfaceOrientationLandscapeLeft UIInterfaceOrientationLandscapeRight";
				INFOPLIST_KEY_UISupportedInterfaceOrientations_iPhone = "UIInterfaceOrientationPortrait UIInterfaceOrientationLandscapeLeft UIInterfaceOrientationLandscapeRight";
				LD_RUNPATH_SEARCH_PATHS = (
					"$(inherited)",
					"@executable_path/Frameworks",
				);
				MARKETING_VERSION = 1.0;
				PRODUCT_BUNDLE_IDENTIFIER = jp.ne.sannet.moris.MyobsevationTest1;
				PRODUCT_NAME = "$(TARGET_NAME)";
				SWIFT_EMIT_LOC_STRINGS = YES;
				SWIFT_VERSION = 5.0;
				TARGETED_DEVICE_FAMILY = "1,2";
			};
			name = Release;
		};
		46ADA0462CB9F65D00BCDC5D /* Debug */ = {
			isa = XCBuildConfiguration;
			buildSettings = {
				BUNDLE_LOADER = "$(TEST_HOST)";
				CODE_SIGN_STYLE = Automatic;
				CURRENT_PROJECT_VERSION = 1;
				DEVELOPMENT_TEAM = YKP3867T9W;
				GENERATE_INFOPLIST_FILE = YES;
				IPHONEOS_DEPLOYMENT_TARGET = 18.0;
				MARKETING_VERSION = 1.0;
				PRODUCT_BUNDLE_IDENTIFIER = jp.ne.sannet.moris.MyobsevationTest1Tests;
				PRODUCT_NAME = "$(TARGET_NAME)";
				SWIFT_EMIT_LOC_STRINGS = NO;
				SWIFT_VERSION = 5.0;
				TARGETED_DEVICE_FAMILY = "1,2";
				TEST_HOST = "$(BUILT_PRODUCTS_DIR)/MyobsevationTest1.app/$(BUNDLE_EXECUTABLE_FOLDER_PATH)/MyobsevationTest1";
			};
			name = Debug;
		};
		46ADA0472CB9F65D00BCDC5D /* Release */ = {
			isa = XCBuildConfiguration;
			buildSettings = {
				BUNDLE_LOADER = "$(TEST_HOST)";
				CODE_SIGN_STYLE = Automatic;
				CURRENT_PROJECT_VERSION = 1;
				DEVELOPMENT_TEAM = YKP3867T9W;
				GENERATE_INFOPLIST_FILE = YES;
				IPHONEOS_DEPLOYMENT_TARGET = 18.0;
				MARKETING_VERSION = 1.0;
				PRODUCT_BUNDLE_IDENTIFIER = jp.ne.sannet.moris.MyobsevationTest1Tests;
				PRODUCT_NAME = "$(TARGET_NAME)";
				SWIFT_EMIT_LOC_STRINGS = NO;
				SWIFT_VERSION = 5.0;
				TARGETED_DEVICE_FAMILY = "1,2";
				TEST_HOST = "$(BUILT_PRODUCTS_DIR)/MyobsevationTest1.app/$(BUNDLE_EXECUTABLE_FOLDER_PATH)/MyobsevationTest1";
			};
			name = Release;
		};
		46ADA0492CB9F65D00BCDC5D /* Debug */ = {
			isa = XCBuildConfiguration;
			buildSettings = {
				CODE_SIGN_STYLE = Automatic;
				CURRENT_PROJECT_VERSION = 1;
				DEVELOPMENT_TEAM = YKP3867T9W;
				GENERATE_INFOPLIST_FILE = YES;
				MARKETING_VERSION = 1.0;
				PRODUCT_BUNDLE_IDENTIFIER = jp.ne.sannet.moris.MyobsevationTest1UITests;
				PRODUCT_NAME = "$(TARGET_NAME)";
				SWIFT_EMIT_LOC_STRINGS = NO;
				SWIFT_VERSION = 5.0;
				TARGETED_DEVICE_FAMILY = "1,2";
				TEST_TARGET_NAME = MyobsevationTest1;
			};
			name = Debug;
		};
		46ADA04A2CB9F65D00BCDC5D /* Release */ = {
			isa = XCBuildConfiguration;
			buildSettings = {
				CODE_SIGN_STYLE = Automatic;
				CURRENT_PROJECT_VERSION = 1;
				DEVELOPMENT_TEAM = YKP3867T9W;
				GENERATE_INFOPLIST_FILE = YES;
				MARKETING_VERSION = 1.0;
				PRODUCT_BUNDLE_IDENTIFIER = jp.ne.sannet.moris.MyobsevationTest1UITests;
				PRODUCT_NAME = "$(TARGET_NAME)";
				SWIFT_EMIT_LOC_STRINGS = NO;
				SWIFT_VERSION = 5.0;
				TARGETED_DEVICE_FAMILY = "1,2";
				TEST_TARGET_NAME = MyobsevationTest1;
			};
			name = Release;
		};
/* End XCBuildConfiguration section */

/* Begin XCConfigurationList section */
		46ADA0192CB9F65B00BCDC5D /* Build configuration list for PBXProject "MyobsevationTest1" */ = {
			isa = XCConfigurationList;
			buildConfigurations = (
				46ADA0402CB9F65D00BCDC5D /* Debug */,
				46ADA0412CB9F65D00BCDC5D /* Release */,
			);
			defaultConfigurationIsVisible = 0;
			defaultConfigurationName = Release;
		};
		46ADA0422CB9F65D00BCDC5D /* Build configuration list for PBXNativeTarget "MyobsevationTest1" */ = {
			isa = XCConfigurationList;
			buildConfigurations = (
				46ADA0432CB9F65D00BCDC5D /* Debug */,
				46ADA0442CB9F65D00BCDC5D /* Release */,
			);
			defaultConfigurationIsVisible = 0;
			defaultConfigurationName = Release;
		};
		46ADA0452CB9F65D00BCDC5D /* Build configuration list for PBXNativeTarget "MyobsevationTest1Tests" */ = {
			isa = XCConfigurationList;
			buildConfigurations = (
				46ADA0462CB9F65D00BCDC5D /* Debug */,
				46ADA0472CB9F65D00BCDC5D /* Release */,
			);
			defaultConfigurationIsVisible = 0;
			defaultConfigurationName = Release;
		};
		46ADA0482CB9F65D00BCDC5D /* Build configuration list for PBXNativeTarget "MyobsevationTest1UITests" */ = {
			isa = XCConfigurationList;
			buildConfigurations = (
				46ADA0492CB9F65D00BCDC5D /* Debug */,
				46ADA04A2CB9F65D00BCDC5D /* Release */,
			);
			defaultConfigurationIsVisible = 0;
			defaultConfigurationName = Release;
		};
/* End XCConfigurationList section */
	};
	rootObject = 46ADA0162CB9F65B00BCDC5D /* Project object */;
}
